// !$*UTF8*$!
{
	archiveVersion = 1;
	classes = {
	};
	objectVersion = 46;
	objects = {

/* Begin PBXBuildFile section */
		7486074E19F0A7EF00782330 /* AppDelegate.swift in Sources */ = {isa = PBXBuildFile; fileRef = 7486074D19F0A7EF00782330 /* AppDelegate.swift */; };
		7486075019F0A7EF00782330 /* ViewController.swift in Sources */ = {isa = PBXBuildFile; fileRef = 7486074F19F0A7EF00782330 /* ViewController.swift */; };
		7486075319F0A7EF00782330 /* Main.storyboard in Resources */ = {isa = PBXBuildFile; fileRef = 7486075119F0A7EF00782330 /* Main.storyboard */; };
		7486075519F0A7EF00782330 /* Images.xcassets in Resources */ = {isa = PBXBuildFile; fileRef = 7486075419F0A7EF00782330 /* Images.xcassets */; };
		7486075819F0A7EF00782330 /* LaunchScreen.xib in Resources */ = {isa = PBXBuildFile; fileRef = 7486075619F0A7EF00782330 /* LaunchScreen.xib */; };
		7486076419F0A7EF00782330 /* FortunaTests.swift in Sources */ = {isa = PBXBuildFile; fileRef = 7486076319F0A7EF00782330 /* FortunaTests.swift */; };
		7486076F19F0ABCC00782330 /* negativeQuotes.json in Resources */ = {isa = PBXBuildFile; fileRef = 7486076D19F0ABCC00782330 /* negativeQuotes.json */; };
		7486077019F0ABCC00782330 /* positiveQuotes.json in Resources */ = {isa = PBXBuildFile; fileRef = 7486076E19F0ABCC00782330 /* positiveQuotes.json */; };
/* End PBXBuildFile section */

/* Begin PBXContainerItemProxy section */
		7486075E19F0A7EF00782330 /* PBXContainerItemProxy */ = {
			isa = PBXContainerItemProxy;
			containerPortal = 7486074019F0A7EE00782330 /* Project object */;
			proxyType = 1;
			remoteGlobalIDString = 7486074719F0A7EF00782330;
			remoteInfo = Fortuna;
		};
/* End PBXContainerItemProxy section */

/* Begin PBXFileReference section */
		7486074819F0A7EF00782330 /* Fortuna.app */ = {isa = PBXFileReference; explicitFileType = wrapper.application; includeInIndex = 0; path = Fortuna.app; sourceTree = BUILT_PRODUCTS_DIR; };
		7486074C19F0A7EF00782330 /* Info.plist */ = {isa = PBXFileReference; lastKnownFileType = text.plist.xml; path = Info.plist; sourceTree = "<group>"; };
		7486074D19F0A7EF00782330 /* AppDelegate.swift */ = {isa = PBXFileReference; lastKnownFileType = sourcecode.swift; path = AppDelegate.swift; sourceTree = "<group>"; };
		7486074F19F0A7EF00782330 /* ViewController.swift */ = {isa = PBXFileReference; lastKnownFileType = sourcecode.swift; path = ViewController.swift; sourceTree = "<group>"; };
		7486075219F0A7EF00782330 /* Base */ = {isa = PBXFileReference; lastKnownFileType = file.storyboard; name = Base; path = Base.lproj/Main.storyboard; sourceTree = "<group>"; };
		7486075419F0A7EF00782330 /* Images.xcassets */ = {isa = PBXFileReference; lastKnownFileType = folder.assetcatalog; path = Images.xcassets; sourceTree = "<group>"; };
		7486075719F0A7EF00782330 /* Base */ = {isa = PBXFileReference; lastKnownFileType = file.xib; name = Base; path = Base.lproj/LaunchScreen.xib; sourceTree = "<group>"; };
		7486075D19F0A7EF00782330 /* FortunaTests.xctest */ = {isa = PBXFileReference; explicitFileType = wrapper.cfbundle; includeInIndex = 0; path = FortunaTests.xctest; sourceTree = BUILT_PRODUCTS_DIR; };
		7486076219F0A7EF00782330 /* Info.plist */ = {isa = PBXFileReference; lastKnownFileType = text.plist.xml; path = Info.plist; sourceTree = "<group>"; };
		7486076319F0A7EF00782330 /* FortunaTests.swift */ = {isa = PBXFileReference; lastKnownFileType = sourcecode.swift; path = FortunaTests.swift; sourceTree = "<group>"; };
		7486076D19F0ABCC00782330 /* negativeQuotes.json */ = {isa = PBXFileReference; fileEncoding = 4; lastKnownFileType = text.json; path = negativeQuotes.json; sourceTree = "<group>"; };
		7486076E19F0ABCC00782330 /* positiveQuotes.json */ = {isa = PBXFileReference; fileEncoding = 4; lastKnownFileType = text.json; path = positiveQuotes.json; sourceTree = "<group>"; };
/* End PBXFileReference section */

/* Begin PBXFrameworksBuildPhase section */
		7486074519F0A7EF00782330 /* Frameworks */ = {
			isa = PBXFrameworksBuildPhase;
			buildActionMask = 2147483647;
			files = (
			);
			runOnlyForDeploymentPostprocessing = 0;
		};
		7486075A19F0A7EF00782330 /* Frameworks */ = {
			isa = PBXFrameworksBuildPhase;
			buildActionMask = 2147483647;
			files = (
			);
			runOnlyForDeploymentPostprocessing = 0;
		};
/* End PBXFrameworksBuildPhase section */

/* Begin PBXGroup section */
		7486073F19F0A7EE00782330 = {
			isa = PBXGroup;
			children = (
				7486074A19F0A7EF00782330 /* Fortuna */,
				7486076019F0A7EF00782330 /* FortunaTests */,
				7486074919F0A7EF00782330 /* Products */,
			);
			sourceTree = "<group>";
		};
		7486074919F0A7EF00782330 /* Products */ = {
			isa = PBXGroup;
			children = (
				7486074819F0A7EF00782330 /* Fortuna.app */,
				7486075D19F0A7EF00782330 /* FortunaTests.xctest */,
			);
			name = Products;
			sourceTree = "<group>";
		};
		7486074A19F0A7EF00782330 /* Fortuna */ = {
			isa = PBXGroup;
			children = (
				7486074D19F0A7EF00782330 /* AppDelegate.swift */,
				7486074F19F0A7EF00782330 /* ViewController.swift */,
				7486075119F0A7EF00782330 /* Main.storyboard */,
				7486075419F0A7EF00782330 /* Images.xcassets */,
				7486075619F0A7EF00782330 /* LaunchScreen.xib */,
				7486074B19F0A7EF00782330 /* Supporting Files */,
			);
			path = Fortuna;
			sourceTree = "<group>";
		};
		7486074B19F0A7EF00782330 /* Supporting Files */ = {
			isa = PBXGroup;
			children = (
				7486076D19F0ABCC00782330 /* negativeQuotes.json */,
				7486076E19F0ABCC00782330 /* positiveQuotes.json */,
				7486074C19F0A7EF00782330 /* Info.plist */,
			);
			name = "Supporting Files";
			sourceTree = "<group>";
		};
		7486076019F0A7EF00782330 /* FortunaTests */ = {
			isa = PBXGroup;
			children = (
				7486076319F0A7EF00782330 /* FortunaTests.swift */,
				7486076119F0A7EF00782330 /* Supporting Files */,
			);
			path = FortunaTests;
			sourceTree = "<group>";
		};
		7486076119F0A7EF00782330 /* Supporting Files */ = {
			isa = PBXGroup;
			children = (
				7486076219F0A7EF00782330 /* Info.plist */,
			);
			name = "Supporting Files";
			sourceTree = "<group>";
		};
/* End PBXGroup section */

/* Begin PBXNativeTarget section */
		7486074719F0A7EF00782330 /* Fortuna */ = {
			isa = PBXNativeTarget;
			buildConfigurationList = 7486076719F0A7EF00782330 /* Build configuration list for PBXNativeTarget "Fortuna" */;
			buildPhases = (
				7486074419F0A7EF00782330 /* Sources */,
				7486074519F0A7EF00782330 /* Frameworks */,
				7486074619F0A7EF00782330 /* Resources */,
			);
			buildRules = (
			);
			dependencies = (
			);
			name = Fortuna;
			productName = Fortuna;
			productReference = 7486074819F0A7EF00782330 /* Fortuna.app */;
			productType = "com.apple.product-type.application";
		};
		7486075C19F0A7EF00782330 /* FortunaTests */ = {
			isa = PBXNativeTarget;
			buildConfigurationList = 7486076A19F0A7EF00782330 /* Build configuration list for PBXNativeTarget "FortunaTests" */;
			buildPhases = (
				7486075919F0A7EF00782330 /* Sources */,
				7486075A19F0A7EF00782330 /* Frameworks */,
				7486075B19F0A7EF00782330 /* Resources */,
			);
			buildRules = (
			);
			dependencies = (
				7486075F19F0A7EF00782330 /* PBXTargetDependency */,
			);
			name = FortunaTests;
			productName = FortunaTests;
			productReference = 7486075D19F0A7EF00782330 /* FortunaTests.xctest */;
			productType = "com.apple.product-type.bundle.unit-test";
		};
/* End PBXNativeTarget section */

/* Begin PBXProject section */
		7486074019F0A7EE00782330 /* Project object */ = {
			isa = PBXProject;
			attributes = {
				LastUpgradeCheck = 0610;
				ORGANIZATIONNAME = zld;
				TargetAttributes = {
					7486074719F0A7EF00782330 = {
						CreatedOnToolsVersion = 6.1;
					};
					7486075C19F0A7EF00782330 = {
						CreatedOnToolsVersion = 6.1;
						TestTargetID = 7486074719F0A7EF00782330;
					};
				};
			};
			buildConfigurationList = 7486074319F0A7EE00782330 /* Build configuration list for PBXProject "Fortuna" */;
			compatibilityVersion = "Xcode 3.2";
			developmentRegion = English;
			hasScannedForEncodings = 0;
			knownRegions = (
				en,
				Base,
			);
			mainGroup = 7486073F19F0A7EE00782330;
			productRefGroup = 7486074919F0A7EF00782330 /* Products */;
			projectDirPath = "";
			projectRoot = "";
			targets = (
				7486074719F0A7EF00782330 /* Fortuna */,
				7486075C19F0A7EF00782330 /* FortunaTests */,
			);
		};
/* End PBXProject section */

/* Begin PBXResourcesBuildPhase section */
		7486074619F0A7EF00782330 /* Resources */ = {
			isa = PBXResourcesBuildPhase;
			buildActionMask = 2147483647;
			files = (
				7486075319F0A7EF00782330 /* Main.storyboard in Resources */,
				7486075819F0A7EF00782330 /* LaunchScreen.xib in Resources */,
				7486077019F0ABCC00782330 /* positiveQuotes.json in Resources */,
				7486075519F0A7EF00782330 /* Images.xcassets in Resources */,
				7486076F19F0ABCC00782330 /* negativeQuotes.json in Resources */,
			);
			runOnlyForDeploymentPostprocessing = 0;
		};
		7486075B19F0A7EF00782330 /* Resources */ = {
			isa = PBXResourcesBuildPhase;
			buildActionMask = 2147483647;
			files = (
			);
			runOnlyForDeploymentPostprocessing = 0;
		};
/* End PBXResourcesBuildPhase section */

/* Begin PBXSourcesBuildPhase section */
		7486074419F0A7EF00782330 /* Sources */ = {
			isa = PBXSourcesBuildPhase;
			buildActionMask = 2147483647;
			files = (
				7486075019F0A7EF00782330 /* ViewController.swift in Sources */,
				7486074E19F0A7EF00782330 /* AppDelegate.swift in Sources */,
			);
			runOnlyForDeploymentPostprocessing = 0;
		};
		7486075919F0A7EF00782330 /* Sources */ = {
			isa = PBXSourcesBuildPhase;
			buildActionMask = 2147483647;
			files = (
				7486076419F0A7EF00782330 /* FortunaTests.swift in Sources */,
			);
			runOnlyForDeploymentPostprocessing = 0;
		};
/* End PBXSourcesBuildPhase section */

/* Begin PBXTargetDependency section */
		7486075F19F0A7EF00782330 /* PBXTargetDependency */ = {
			isa = PBXTargetDependency;
			target = 7486074719F0A7EF00782330 /* Fortuna */;
			targetProxy = 7486075E19F0A7EF00782330 /* PBXContainerItemProxy */;
		};
/* End PBXTargetDependency section */

/* Begin PBXVariantGroup section */
		7486075119F0A7EF00782330 /* Main.storyboard */ = {
			isa = PBXVariantGroup;
			children = (
				7486075219F0A7EF00782330 /* Base */,
			);
			name = Main.storyboard;
			sourceTree = "<group>";
		};
		7486075619F0A7EF00782330 /* LaunchScreen.xib */ = {
			isa = PBXVariantGroup;
			children = (
				7486075719F0A7EF00782330 /* Base */,
			);
			name = LaunchScreen.xib;
			sourceTree = "<group>";
		};
/* End PBXVariantGroup section */

/* Begin XCBuildConfiguration section */
		7486076519F0A7EF00782330 /* Debug */ = {
			isa = XCBuildConfiguration;
			buildSettings = {
				ALWAYS_SEARCH_USER_PATHS = NO;
				CLANG_CXX_LANGUAGE_STANDARD = "gnu++0x";
				CLANG_CXX_LIBRARY = "libc++";
				CLANG_ENABLE_MODULES = YES;
				CLANG_ENABLE_OBJC_ARC = YES;
				CLANG_WARN_BOOL_CONVERSION = YES;
				CLANG_WARN_CONSTANT_CONVERSION = YES;
				CLANG_WARN_DIRECT_OBJC_ISA_USAGE = YES_ERROR;
				CLANG_WARN_EMPTY_BODY = YES;
				CLANG_WARN_ENUM_CONVERSION = YES;
				CLANG_WARN_INT_CONVERSION = YES;
				CLANG_WARN_OBJC_ROOT_CLASS = YES_ERROR;
				CLANG_WARN_UNREACHABLE_CODE = YES;
				CLANG_WARN__DUPLICATE_METHOD_MATCH = YES;
				"CODE_SIGN_IDENTITY[sdk=iphoneos*]" = "iPhone Developer";
				COPY_PHASE_STRIP = NO;
				ENABLE_STRICT_OBJC_MSGSEND = YES;
				GCC_C_LANGUAGE_STANDARD = gnu99;
				GCC_DYNAMIC_NO_PIC = NO;
				GCC_OPTIMIZATION_LEVEL = 0;
				GCC_PREPROCESSOR_DEFINITIONS = (
					"DEBUG=1",
					"$(inherited)",
				);
				GCC_SYMBOLS_PRIVATE_EXTERN = NO;
				GCC_WARN_64_TO_32_BIT_CONVERSION = YES;
				GCC_WARN_ABOUT_RETURN_TYPE = YES_ERROR;
				GCC_WARN_UNDECLARED_SELECTOR = YES;
				GCC_WARN_UNINITIALIZED_AUTOS = YES_AGGRESSIVE;
				GCC_WARN_UNUSED_FUNCTION = YES;
				GCC_WARN_UNUSED_VARIABLE = YES;
				IPHONEOS_DEPLOYMENT_TARGET = 8.1;
				MTL_ENABLE_DEBUG_INFO = YES;
				ONLY_ACTIVE_ARCH = YES;
				SDKROOT = iphoneos;
				SWIFT_OPTIMIZATION_LEVEL = "-Onone";
			};
			name = Debug;
		};
		7486076619F0A7EF00782330 /* Release */ = {
			isa = XCBuildConfiguration;
			buildSettings = {
				ALWAYS_SEARCH_USER_PATHS = NO;
				CLANG_CXX_LANGUAGE_STANDARD = "gnu++0x";
				CLANG_CXX_LIBRARY = "libc++";
				CLANG_ENABLE_MODULES = YES;
				CLANG_ENABLE_OBJC_ARC = YES;
				CLANG_WARN_BOOL_CONVERSION = YES;
				CLANG_WARN_CONSTANT_CONVERSION = YES;
				CLANG_WARN_DIRECT_OBJC_ISA_USAGE = YES_ERROR;
				CLANG_WARN_EMPTY_BODY = YES;
				CLANG_WARN_ENUM_CONVERSION = YES;
				CLANG_WARN_INT_CONVERSION = YES;
				CLANG_WARN_OBJC_ROOT_CLASS = YES_ERROR;
				CLANG_WARN_UNREACHABLE_CODE = YES;
				CLANG_WARN__DUPLICATE_METHOD_MATCH = YES;
				"CODE_SIGN_IDENTITY[sdk=iphoneos*]" = "iPhone Developer";
				COPY_PHASE_STRIP = YES;
				ENABLE_NS_ASSERTIONS = NO;
				ENABLE_STRICT_OBJC_MSGSEND = YES;
				GCC_C_LANGUAGE_STANDARD = gnu99;
				GCC_WARN_64_TO_32_BIT_CONVERSION = YES;
				GCC_WARN_ABOUT_RETURN_TYPE = YES_ERROR;
				GCC_WARN_UNDECLARED_SELECTOR = YES;
				GCC_WARN_UNINITIALIZED_AUTOS = YES_AGGRESSIVE;
				GCC_WARN_UNUSED_FUNCTION = YES;
				GCC_WARN_UNUSED_VARIABLE = YES;
				IPHONEOS_DEPLOYMENT_TARGET = 8.1;
				MTL_ENABLE_DEBUG_INFO = NO;
				SDKROOT = iphoneos;
				VALIDATE_PRODUCT = YES;
			};
			name = Release;
		};
		7486076819F0A7EF00782330 /* Debug */ = {
			isa = XCBuildConfiguration;
			buildSettings = {
				ASSETCATALOG_COMPILER_APPICON_NAME = AppIcon;
				INFOPLIST_FILE = Fortuna/Info.plist;
				LD_RUNPATH_SEARCH_PATHS = "$(inherited) @executable_path/Frameworks";
				PRODUCT_NAME = "$(TARGET_NAME)";
			};
			name = Debug;
		};
		7486076919F0A7EF00782330 /* Release */ = {
			isa = XCBuildConfiguration;
			buildSettings = {
				ASSETCATALOG_COMPILER_APPICON_NAME = AppIcon;
				INFOPLIST_FILE = Fortuna/Info.plist;
				LD_RUNPATH_SEARCH_PATHS = "$(inherited) @executable_path/Frameworks";
				PRODUCT_NAME = "$(TARGET_NAME)";
			};
			name = Release;
		};
		7486076B19F0A7EF00782330 /* Debug */ = {
			isa = XCBuildConfiguration;
			buildSettings = {
				BUNDLE_LOADER = "$(TEST_HOST)";
				FRAMEWORK_SEARCH_PATHS = (
					"$(SDKROOT)/Developer/Library/Frameworks",
					"$(inherited)",
				);
				GCC_PREPROCESSOR_DEFINITIONS = (
					"DEBUG=1",
					"$(inherited)",
				);
				INFOPLIST_FILE = FortunaTests/Info.plist;
				LD_RUNPATH_SEARCH_PATHS = "$(inherited) @executable_path/Frameworks @loader_path/Frameworks";
				PRODUCT_NAME = "$(TARGET_NAME)";
				TEST_HOST = "$(BUILT_PRODUCTS_DIR)/Fortuna.app/Fortuna";
			};
			name = Debug;
		};
		7486076C19F0A7EF00782330 /* Release */ = {
			isa = XCBuildConfiguration;
			buildSettings = {
				BUNDLE_LOADER = "$(TEST_HOST)";
				FRAMEWORK_SEARCH_PATHS = (
					"$(SDKROOT)/Developer/Library/Frameworks",
					"$(inherited)",
				);
				INFOPLIST_FILE = FortunaTests/Info.plist;
				LD_RUNPATH_SEARCH_PATHS = "$(inherited) @executable_path/Frameworks @loader_path/Frameworks";
				PRODUCT_NAME = "$(TARGET_NAME)";
				TEST_HOST = "$(BUILT_PRODUCTS_DIR)/Fortuna.app/Fortuna";
			};
			name = Release;
		};
/* End XCBuildConfiguration section */

/* Begin XCConfigurationList section */
		7486074319F0A7EE00782330 /* Build configuration list for PBXProject "Fortuna" */ = {
			isa = XCConfigurationList;
			buildConfigurations = (
				7486076519F0A7EF00782330 /* Debug */,
				7486076619F0A7EF00782330 /* Release */,
			);
			defaultConfigurationIsVisible = 0;
			defaultConfigurationName = Release;
		};
		7486076719F0A7EF00782330 /* Build configuration list for PBXNativeTarget "Fortuna" */ = {
			isa = XCConfigurationList;
			buildConfigurations = (
				7486076819F0A7EF00782330 /* Debug */,
				7486076919F0A7EF00782330 /* Release */,
			);
			defaultConfigurationIsVisible = 0;
		};
		7486076A19F0A7EF00782330 /* Build configuration list for PBXNativeTarget "FortunaTests" */ = {
			isa = XCConfigurationList;
			buildConfigurations = (
				7486076B19F0A7EF00782330 /* Debug */,
				7486076C19F0A7EF00782330 /* Release */,
			);
			defaultConfigurationIsVisible = 0;
		};
/* End XCConfigurationList section */
	};
	rootObject = 7486074019F0A7EE00782330 /* Project object */;
}
